// !$*UTF8*$!
{
	archiveVersion = 1;
	classes = {
	};
	objectVersion = 77;
	objects = {

/* Begin PBXBuildFile section */
		3504446E2FF9748C005A9056 /* ClothingItemDetailView.swift in Sources */ = {isa = PBXBuildFile; fileRef = 3504446D2FF9748C005A9056 /* ClothingItemDetailView.swift */; };
		350444702FF97EDA005A9056 /* ClothingCategories.swift in Sources */ = {isa = PBXBuildFile; fileRef = 3504446F2FF97EDA005A9056 /* ClothingCategories.swift */; };
		350444722FF9ACD0005A9056 /* SubcategoryBarView.swift in Sources */ = {isa = PBXBuildFile; fileRef = 350444712FF9ACD0005A9056 /* SubcategoryBarView.swift */; };
		354EB9E42FF8645D007B3B92 /* WardrobeView.swift in Sources */ = {isa = PBXBuildFile; fileRef = 354EB9E32FF8645D007B3B92 /* WardrobeView.swift */; };
		354EB9E62FF864CB007B3B92 /* CategoryBarView.swift in Sources */ = {isa = PBXBuildFile; fileRef = 354EB9E52FF864CB007B3B92 /* CategoryBarView.swift */; };
		354EB9E82FF864D9007B3B92 /* AddItemView.swift in Sources */ = {isa = PBXBuildFile; fileRef = 354EB9E72FF864D9007B3B92 /* AddItemView.swift */; };
		354EB9EA2FF86554007B3B92 /* WardrobeCardView.swift in Sources */ = {isa = PBXBuildFile; fileRef = 354EB9E92FF86554007B3B92 /* WardrobeCardView.swift */; };
		354EB9ED2FF865CF007B3B92 /* ClothingItem.swift in Sources */ = {isa = PBXBuildFile; fileRef = 354EB9EC2FF865CF007B3B92 /* ClothingItem.swift */; };
		354EB9EE2FF866FE007B3B92 /* OutfitAIApp.swift in Sources */ = {isa = PBXBuildFile; fileRef = 359414592FF862CC00CDC074 /* OutfitAIApp.swift */; };
		354EB9F02FF86811007B3B92 /* OnboardingView.swift in Sources */ = {isa = PBXBuildFile; fileRef = 3594144E2FF862CC00CDC074 /* OnboardingView.swift */; };
		354EB9F12FF8687A007B3B92 /* OnboardingPage.swift in Sources */ = {isa = PBXBuildFile; fileRef = 3594144C2FF862CC00CDC074 /* OnboardingPage.swift */; };
		354EB9F22FF86882007B3B92 /* OnboardingPageView.swift in Sources */ = {isa = PBXBuildFile; fileRef = 3594144D2FF862CC00CDC074 /* OnboardingPageView.swift */; };
		354EB9F62FF8689E007B3B92 /* HomeViewModel.swift in Sources */ = {isa = PBXBuildFile; fileRef = 359414572FF862CC00CDC074 /* HomeViewModel.swift */; };
		354EB9F72FF868A7007B3B92 /* Outfit.swift in Sources */ = {isa = PBXBuildFile; fileRef = 359414582FF862CC00CDC074 /* Outfit.swift */; };
		354EB9F82FF868BA007B3B92 /* Color+hex.swift in Sources */ = {isa = PBXBuildFile; fileRef = 3594144A2FF862CC00CDC074 /* Color+hex.swift */; };
		354EB9FA2FF92EDF007B3B92 /* BackgroundRemover.swift in Sources */ = {isa = PBXBuildFile; fileRef = 354EB9F92FF92EDF007B3B92 /* BackgroundRemover.swift */; };
		354EB9FC2FF92F73007B3B92 /* CameraCaptureView.swift in Sources */ = {isa = PBXBuildFile; fileRef = 354EB9FB2FF92F73007B3B92 /* CameraCaptureView.swift */; };
		354EBA2A2FF93C5D007B3B92 /* WardrobePersistence.swift in Sources */ = {isa = PBXBuildFile; fileRef = 354EBA292FF93C5D007B3B92 /* WardrobePersistence.swift */; };
		3553CFA82FFBC879002B19BF /* ProfileView.swift in Sources */ = {isa = PBXBuildFile; fileRef = 3553CFA72FFBC879002B19BF /* ProfileView.swift */; };
/* End PBXBuildFile section */

/* Begin PBXFileReference section */
		3504446D2FF9748C005A9056 /* ClothingItemDetailView.swift */ = {isa = PBXFileReference; lastKnownFileType = sourcecode.swift; path = ClothingItemDetailView.swift; sourceTree = "<group>"; };
		3504446F2FF97EDA005A9056 /* ClothingCategories.swift */ = {isa = PBXFileReference; lastKnownFileType = sourcecode.swift; path = ClothingCategories.swift; sourceTree = "<group>"; };
		350444712FF9ACD0005A9056 /* SubcategoryBarView.swift */ = {isa = PBXFileReference; lastKnownFileType = sourcecode.swift; path = SubcategoryBarView.swift; sourceTree = "<group>"; };
		354EB9E32FF8645D007B3B92 /* WardrobeView.swift */ = {isa = PBXFileReference; lastKnownFileType = sourcecode.swift; path = WardrobeView.swift; sourceTree = "<group>"; };
		354EB9E52FF864CB007B3B92 /* CategoryBarView.swift */ = {isa = PBXFileReference; lastKnownFileType = sourcecode.swift; path = CategoryBarView.swift; sourceTree = "<group>"; };
		354EB9E72FF864D9007B3B92 /* AddItemView.swift */ = {isa = PBXFileReference; lastKnownFileType = sourcecode.swift; path = AddItemView.swift; sourceTree = "<group>"; };
		354EB9E92FF86554007B3B92 /* WardrobeCardView.swift */ = {isa = PBXFileReference; lastKnownFileType = sourcecode.swift; path = WardrobeCardView.swift; sourceTree = "<group>"; };
		354EB9EC2FF865CF007B3B92 /* ClothingItem.swift */ = {isa = PBXFileReference; lastKnownFileType = sourcecode.swift; path = ClothingItem.swift; sourceTree = "<group>"; };
		354EB9F92FF92EDF007B3B92 /* BackgroundRemover.swift */ = {isa = PBXFileReference; lastKnownFileType = sourcecode.swift; path = BackgroundRemover.swift; sourceTree = "<group>"; };
		354EB9FB2FF92F73007B3B92 /* CameraCaptureView.swift */ = {isa = PBXFileReference; lastKnownFileType = sourcecode.swift; path = CameraCaptureView.swift; sourceTree = "<group>"; };
		354EB9FD2FF9312B007B3B92 /* Info.plist */ = {isa = PBXFileReference; lastKnownFileType = text.plist; path = Info.plist; sourceTree = "<group>"; };
		354EBA292FF93C5D007B3B92 /* WardrobePersistence.swift */ = {isa = PBXFileReference; lastKnownFileType = sourcecode.swift; path = WardrobePersistence.swift; sourceTree = "<group>"; };
		3553CFA72FFBC879002B19BF /* ProfileView.swift */ = {isa = PBXFileReference; lastKnownFileType = sourcecode.swift; path = ProfileView.swift; sourceTree = "<group>"; };
		359413DA2FF858BD00CDC074 /* OutfitAI.app */ = {isa = PBXFileReference; explicitFileType = wrapper.application; includeInIndex = 0; path = OutfitAI.app; sourceTree = BUILT_PRODUCTS_DIR; };
		3594144A2FF862CC00CDC074 /* Color+hex.swift */ = {isa = PBXFileReference; lastKnownFileType = sourcecode.swift; path = "Color+hex.swift"; sourceTree = "<group>"; };
		3594144C2FF862CC00CDC074 /* OnboardingPage.swift */ = {isa = PBXFileReference; lastKnownFileType = sourcecode.swift; path = OnboardingPage.swift; sourceTree = "<group>"; };
		3594144D2FF862CC00CDC074 /* OnboardingPageView.swift */ = {isa = PBXFileReference; lastKnownFileType = sourcecode.swift; path = OnboardingPageView.swift; sourceTree = "<group>"; };
		3594144E2FF862CC00CDC074 /* OnboardingView.swift */ = {isa = PBXFileReference; lastKnownFileType = sourcecode.swift; path = OnboardingView.swift; sourceTree = "<group>"; };
		359414552FF862CC00CDC074 /* Assets.xcassets */ = {isa = PBXFileReference; lastKnownFileType = folder.assetcatalog; path = Assets.xcassets; sourceTree = "<group>"; };
		359414562FF862CC00CDC074 /* ContentView.swift */ = {isa = PBXFileReference; lastKnownFileType = sourcecode.swift; path = ContentView.swift; sourceTree = "<group>"; };
		359414572FF862CC00CDC074 /* HomeViewModel.swift */ = {isa = PBXFileReference; lastKnownFileType = sourcecode.swift; path = HomeViewModel.swift; sourceTree = "<group>"; };
		359414582FF862CC00CDC074 /* Outfit.swift */ = {isa = PBXFileReference; lastKnownFileType = sourcecode.swift; path = Outfit.swift; sourceTree = "<group>"; };
		359414592FF862CC00CDC074 /* OutfitAIApp.swift */ = {isa = PBXFileReference; lastKnownFileType = sourcecode.swift; path = OutfitAIApp.swift; sourceTree = "<group>"; };
/* End PBXFileReference section */

/* Begin PBXFileSystemSynchronizedRootGroup section */
		350444752FF9BD3F005A9056 /* Outfits */ = {
			isa = PBXFileSystemSynchronizedRootGroup;
			path = Outfits;
			sourceTree = "<group>";
		};
/* End PBXFileSystemSynchronizedRootGroup section */

/* Begin PBXFrameworksBuildPhase section */
		359413D72FF858BD00CDC074 /* Frameworks */ = {
			isa = PBXFrameworksBuildPhase;
			buildActionMask = 2147483647;
			files = (
			);
			runOnlyForDeploymentPostprocessing = 0;
		};
/* End PBXFrameworksBuildPhase section */

/* Begin PBXGroup section */
		354EB9E02FF863A1007B3B92 /* Gardırop */ = {
			isa = PBXGroup;
			children = (
				354EB9EB2FF865AF007B3B92 /* Models */,
				354EB9E22FF8641C007B3B92 /* Views */,
			);
			path = "Gardırop";
			sourceTree = "<group>";
		};
		354EB9E22FF8641C007B3B92 /* Views */ = {
			isa = PBXGroup;
			children = (
				354EB9E32FF8645D007B3B92 /* WardrobeView.swift */,
				354EB9E52FF864CB007B3B92 /* CategoryBarView.swift */,
				354EB9E72FF864D9007B3B92 /* AddItemView.swift */,
				354EB9E92FF86554007B3B92 /* WardrobeCardView.swift */,
				354EB9F92FF92EDF007B3B92 /* BackgroundRemover.swift */,
				354EB9FB2FF92F73007B3B92 /* CameraCaptureView.swift */,
				354EBA292FF93C5D007B3B92 /* WardrobePersistence.swift */,
				3504446D2FF9748C005A9056 /* ClothingItemDetailView.swift */,
				350444712FF9ACD0005A9056 /* SubcategoryBarView.swift */,
			);
			path = Views;
			sourceTree = "<group>";
		};
		354EB9EB2FF865AF007B3B92 /* Models */ = {
			isa = PBXGroup;
			children = (
				354EB9EC2FF865CF007B3B92 /* ClothingItem.swift */,
				3504446F2FF97EDA005A9056 /* ClothingCategories.swift */,
			);
			path = Models;
			sourceTree = "<group>";
		};
		359413D12FF858BD00CDC074 = {
			isa = PBXGroup;
			children = (
				3594145A2FF862CC00CDC074 /* OutfitAI */,
				359413DB2FF858BD00CDC074 /* Products */,
			);
			sourceTree = "<group>";
		};
		359413DB2FF858BD00CDC074 /* Products */ = {
			isa = PBXGroup;
			children = (
				359413DA2FF858BD00CDC074 /* OutfitAI.app */,
			);
			name = Products;
			sourceTree = "<group>";
		};
		3594144B2FF862CC00CDC074 /* Extensions */ = {
			isa = PBXGroup;
			children = (
				3594144A2FF862CC00CDC074 /* Color+hex.swift */,
			);
			path = Extensions;
			sourceTree = "<group>";
		};
		3594144F2FF862CC00CDC074 /* onboarding */ = {
			isa = PBXGroup;
			children = (
				3594144C2FF862CC00CDC074 /* OnboardingPage.swift */,
				3594144D2FF862CC00CDC074 /* OnboardingPageView.swift */,
				3594144E2FF862CC00CDC074 /* OnboardingView.swift */,
			);
			path = onboarding;
			sourceTree = "<group>";
		};
		3594145A2FF862CC00CDC074 /* OutfitAI */ = {
			isa = PBXGroup;
			children = (
				350444752FF9BD3F005A9056 /* Outfits */,
				354EB9FD2FF9312B007B3B92 /* Info.plist */,
				354EB9E02FF863A1007B3B92 /* Gardırop */,
				3594144B2FF862CC00CDC074 /* Extensions */,
				3594144F2FF862CC00CDC074 /* onboarding */,
				359414552FF862CC00CDC074 /* Assets.xcassets */,
				359414562FF862CC00CDC074 /* ContentView.swift */,
				359414572FF862CC00CDC074 /* HomeViewModel.swift */,
				359414582FF862CC00CDC074 /* Outfit.swift */,
				359414592FF862CC00CDC074 /* OutfitAIApp.swift */,
				3553CFA72FFBC879002B19BF /* ProfileView.swift */,
			);
			path = OutfitAI;
			sourceTree = "<group>";
		};
/* End PBXGroup section */

/* Begin PBXNativeTarget section */
		359413D92FF858BD00CDC074 /* OutfitAI */ = {
			isa = PBXNativeTarget;
			buildConfigurationList = 359413E52FF858BF00CDC074 /* Build configuration list for PBXNativeTarget "OutfitAI" */;
			buildPhases = (
				359413D62FF858BD00CDC074 /* Sources */,
				359413D72FF858BD00CDC074 /* Frameworks */,
				359413D82FF858BD00CDC074 /* Resources */,
			);
			buildRules = (
			);
			dependencies = (
			);
			fileSystemSynchronizedGroups = (
				350444752FF9BD3F005A9056 /* Outfits */,
			);
			name = OutfitAI;
			packageProductDependencies = (
			);
			productName = OutfitAI;
			productReference = 359413DA2FF858BD00CDC074 /* OutfitAI.app */;
			productType = "com.apple.product-type.application";
		};
/* End PBXNativeTarget section */

/* Begin PBXProject section */
		359413D22FF858BD00CDC074 /* Project object */ = {
			isa = PBXProject;
			attributes = {
				BuildIndependentTargetsInParallel = 1;
				LastSwiftUpdateCheck = 2660;
				LastUpgradeCheck = 2660;
				TargetAttributes = {
					359413D92FF858BD00CDC074 = {
						CreatedOnToolsVersion = 26.6;
						LastSwiftMigration = 2660;
					};
				};
			};
			buildConfigurationList = 359413D52FF858BD00CDC074 /* Build configuration list for PBXProject "OutfitAI" */;
			developmentRegion = en;
			hasScannedForEncodings = 0;
			knownRegions = (
				en,
				Base,
			);
			mainGroup = 359413D12FF858BD00CDC074;
			minimizedProjectReferenceProxies = 1;
			preferredProjectObjectVersion = 77;
			productRefGroup = 359413DB2FF858BD00CDC074 /* Products */;
			projectDirPath = "";
			projectRoot = "";
			targets = (
				359413D92FF858BD00CDC074 /* OutfitAI */,
			);
		};
/* End PBXProject section */

/* Begin PBXResourcesBuildPhase section */
		359413D82FF858BD00CDC074 /* Resources */ = {
			isa = PBXResourcesBuildPhase;
			buildActionMask = 2147483647;
			files = (
			);
			runOnlyForDeploymentPostprocessing = 0;
		};
/* End PBXResourcesBuildPhase section */

/* Begin PBXSourcesBuildPhase section */
		359413D62FF858BD00CDC074 /* Sources */ = {
			isa = PBXSourcesBuildPhase;
			buildActionMask = 2147483647;
			files = (
				354EB9F22FF86882007B3B92 /* OnboardingPageView.swift in Sources */,
				350444722FF9ACD0005A9056 /* SubcategoryBarView.swift in Sources */,
				354EB9ED2FF865CF007B3B92 /* ClothingItem.swift in Sources */,
				354EB9FA2FF92EDF007B3B92 /* BackgroundRemover.swift in Sources */,
				354EB9F12FF8687A007B3B92 /* OnboardingPage.swift in Sources */,
				354EB9EA2FF86554007B3B92 /* WardrobeCardView.swift in Sources */,
				354EB9E62FF864CB007B3B92 /* CategoryBarView.swift in Sources */,
				354EB9E82FF864D9007B3B92 /* AddItemView.swift in Sources */,
				354EB9F72FF868A7007B3B92 /* Outfit.swift in Sources */,
				354EB9F82FF868BA007B3B92 /* Color+hex.swift in Sources */,
				3553CFA82FFBC879002B19BF /* ProfileView.swift in Sources */,
				354EB9FC2FF92F73007B3B92 /* CameraCaptureView.swift in Sources */,
				354EB9F62FF8689E007B3B92 /* HomeViewModel.swift in Sources */,
				354EB9F02FF86811007B3B92 /* OnboardingView.swift in Sources */,
				3504446E2FF9748C005A9056 /* ClothingItemDetailView.swift in Sources */,
				354EBA2A2FF93C5D007B3B92 /* WardrobePersistence.swift in Sources */,
				350444702FF97EDA005A9056 /* ClothingCategories.swift in Sources */,
				354EB9EE2FF866FE007B3B92 /* OutfitAIApp.swift in Sources */,
				354EB9E42FF8645D007B3B92 /* WardrobeView.swift in Sources */,
			);
			runOnlyForDeploymentPostprocessing = 0;
		};
/* End PBXSourcesBuildPhase section */

/* Begin XCBuildConfiguration section */
		359413E32FF858BF00CDC074 /* Debug */ = {
			isa = XCBuildConfiguration;
			buildSettings = {
				ALWAYS_SEARCH_USER_PATHS = NO;
				ASSETCATALOG_COMPILER_GENERATE_SWIFT_ASSET_SYMBOL_EXTENSIONS = YES;
				CLANG_ANALYZER_NONNULL = YES;
				CLANG_ANALYZER_NUMBER_OBJECT_CONVERSION = YES_AGGRESSIVE;
				CLANG_CXX_LANGUAGE_STANDARD = "gnu++20";
				CLANG_ENABLE_MODULES = YES;
				CLANG_ENABLE_OBJC_ARC = YES;
				CLANG_ENABLE_OBJC_WEAK = YES;
				CLANG_WARN_BLOCK_CAPTURE_AUTORELEASING = YES;
				CLANG_WARN_BOOL_CONVERSION = YES;
				CLANG_WARN_COMMA = YES;
				CLANG_WARN_CONSTANT_CONVERSION = YES;
				CLANG_WARN_DEPRECATED_OBJC_IMPLEMENTATIONS = YES;
				CLANG_WARN_DIRECT_OBJC_ISA_USAGE = YES_ERROR;
				CLANG_WARN_DOCUMENTATION_COMMENTS = YES;
				CLANG_WARN_EMPTY_BODY = YES;
				CLANG_WARN_ENUM_CONVERSION = YES;
				CLANG_WARN_INFINITE_RECURSION = YES;
				CLANG_WARN_INT_CONVERSION = YES;
				CLANG_WARN_NON_LITERAL_NULL_CONVERSION = YES;
				CLANG_WARN_OBJC_IMPLICIT_RETAIN_SELF = YES;
				CLANG_WARN_OBJC_LITERAL_CONVERSION = YES;
				CLANG_WARN_OBJC_ROOT_CLASS = YES_ERROR;
				CLANG_WARN_QUOTED_INCLUDE_IN_FRAMEWORK_HEADER = YES;
				CLANG_WARN_RANGE_LOOP_ANALYSIS = YES;
				CLANG_WARN_STRICT_PROTOTYPES = YES;
				CLANG_WARN_SUSPICIOUS_MOVE = YES;
				CLANG_WARN_UNGUARDED_AVAILABILITY = YES_AGGRESSIVE;
				CLANG_WARN_UNREACHABLE_CODE = YES;
				CLANG_WARN__DUPLICATE_METHOD_MATCH = YES;
				COPY_PHASE_STRIP = NO;
				DEBUG_INFORMATION_FORMAT = dwarf;
				DEVELOPMENT_TEAM = 7L3D6QFMFW;
				ENABLE_STRICT_OBJC_MSGSEND = YES;
				ENABLE_TESTABILITY = YES;
				ENABLE_USER_SCRIPT_SANDBOXING = YES;
				GCC_C_LANGUAGE_STANDARD = gnu17;
				GCC_DYNAMIC_NO_PIC = NO;
				GCC_NO_COMMON_BLOCKS = YES;
				GCC_OPTIMIZATION_LEVEL = 0;
				GCC_PREPROCESSOR_DEFINITIONS = (
					"DEBUG=1",
					"$(inherited)",
				);
				GCC_WARN_64_TO_32_BIT_CONVERSION = YES;
				GCC_WARN_ABOUT_RETURN_TYPE = YES_ERROR;
				GCC_WARN_UNDECLARED_SELECTOR = YES;
				GCC_WARN_UNINITIALIZED_AUTOS = YES_AGGRESSIVE;
				GCC_WARN_UNUSED_FUNCTION = YES;
				GCC_WARN_UNUSED_VARIABLE = YES;
				IPHONEOS_DEPLOYMENT_TARGET = 26.5;
				LOCALIZATION_PREFERS_STRING_CATALOGS = YES;
				MTL_ENABLE_DEBUG_INFO = INCLUDE_SOURCE;
				MTL_FAST_MATH = YES;
				ONLY_ACTIVE_ARCH = YES;
				SDKROOT = iphoneos;
				SWIFT_ACTIVE_COMPILATION_CONDITIONS = "DEBUG $(inherited)";
				SWIFT_OPTIMIZATION_LEVEL = "-Onone";
			};
			name = Debug;
		};
		359413E42FF858BF00CDC074 /* Release */ = {
			isa = XCBuildConfiguration;
			buildSettings = {
				ALWAYS_SEARCH_USER_PATHS = NO;
				ASSETCATALOG_COMPILER_GENERATE_SWIFT_ASSET_SYMBOL_EXTENSIONS = YES;
				CLANG_ANALYZER_NONNULL = YES;
				CLANG_ANALYZER_NUMBER_OBJECT_CONVERSION = YES_AGGRESSIVE;
				CLANG_CXX_LANGUAGE_STANDARD = "gnu++20";
				CLANG_ENABLE_MODULES = YES;
				CLANG_ENABLE_OBJC_ARC = YES;
				CLANG_ENABLE_OBJC_WEAK = YES;
				CLANG_WARN_BLOCK_CAPTURE_AUTORELEASING = YES;
				CLANG_WARN_BOOL_CONVERSION = YES;
				CLANG_WARN_COMMA = YES;
				CLANG_WARN_CONSTANT_CONVERSION = YES;
				CLANG_WARN_DEPRECATED_OBJC_IMPLEMENTATIONS = YES;
				CLANG_WARN_DIRECT_OBJC_ISA_USAGE = YES_ERROR;
				CLANG_WARN_DOCUMENTATION_COMMENTS = YES;
				CLANG_WARN_EMPTY_BODY = YES;
				CLANG_WARN_ENUM_CONVERSION = YES;
				CLANG_WARN_INFINITE_RECURSION = YES;
				CLANG_WARN_INT_CONVERSION = YES;
				CLANG_WARN_NON_LITERAL_NULL_CONVERSION = YES;
				CLANG_WARN_OBJC_IMPLICIT_RETAIN_SELF = YES;
				CLANG_WARN_OBJC_LITERAL_CONVERSION = YES;
				CLANG_WARN_OBJC_ROOT_CLASS = YES_ERROR;
				CLANG_WARN_QUOTED_INCLUDE_IN_FRAMEWORK_HEADER = YES;
				CLANG_WARN_RANGE_LOOP_ANALYSIS = YES;
				CLANG_WARN_STRICT_PROTOTYPES = YES;
				CLANG_WARN_SUSPICIOUS_MOVE = YES;
				CLANG_WARN_UNGUARDED_AVAILABILITY = YES_AGGRESSIVE;
				CLANG_WARN_UNREACHABLE_CODE = YES;
				CLANG_WARN__DUPLICATE_METHOD_MATCH = YES;
				COPY_PHASE_STRIP = NO;
				DEBUG_INFORMATION_FORMAT = "dwarf-with-dsym";
				DEVELOPMENT_TEAM = 7L3D6QFMFW;
				ENABLE_NS_ASSERTIONS = NO;
				ENABLE_STRICT_OBJC_MSGSEND = YES;
				ENABLE_USER_SCRIPT_SANDBOXING = YES;
				GCC_C_LANGUAGE_STANDARD = gnu17;
				GCC_NO_COMMON_BLOCKS = YES;
				GCC_WARN_64_TO_32_BIT_CONVERSION = YES;
				GCC_WARN_ABOUT_RETURN_TYPE = YES_ERROR;
				GCC_WARN_UNDECLARED_SELECTOR = YES;
				GCC_WARN_UNINITIALIZED_AUTOS = YES_AGGRESSIVE;
				GCC_WARN_UNUSED_FUNCTION = YES;
				GCC_WARN_UNUSED_VARIABLE = YES;
				IPHONEOS_DEPLOYMENT_TARGET = 26.5;
				LOCALIZATION_PREFERS_STRING_CATALOGS = YES;
				MTL_ENABLE_DEBUG_INFO = NO;
				MTL_FAST_MATH = YES;
				SDKROOT = iphoneos;
				SWIFT_COMPILATION_MODE = wholemodule;
				VALIDATE_PRODUCT = YES;
			};
			name = Release;
		};
		359413E62FF858BF00CDC074 /* Debug */ = {
			isa = XCBuildConfiguration;
			buildSettings = {
				ASSETCATALOG_COMPILER_APPICON_NAME = AppIcon;
				ASSETCATALOG_COMPILER_GLOBAL_ACCENT_COLOR_NAME = AccentColor;
				CLANG_ENABLE_MODULES = YES;
				CODE_SIGN_STYLE = Automatic;
				CURRENT_PROJECT_VERSION = 1;
				DEVELOPMENT_TEAM = 7L3D6QFMFW;
				ENABLE_PREVIEWS = YES;
				GENERATE_INFOPLIST_FILE = YES;
				INFOPLIST_FILE = OutfitAI/Info.plist;
				INFOPLIST_KEY_NSPhotoLibraryUsageDescription = "Gardırobuna fotoğraf eklemek için galeriye erişim gerekiyor";
				INFOPLIST_KEY_UIApplicationSceneManifest_Generation = YES;
				INFOPLIST_KEY_UIApplicationSupportsIndirectInputEvents = YES;
				INFOPLIST_KEY_UILaunchScreen_Generation = YES;
				INFOPLIST_KEY_UISupportedInterfaceOrientations_iPad = "UIInterfaceOrientationPortrait UIInterfaceOrientationPortraitUpsideDown UIInterfaceOrientationLandscapeLeft UIInterfaceOrientationLandscapeRight";
				INFOPLIST_KEY_UISupportedInterfaceOrientations_iPhone = "UIInterfaceOrientationPortrait UIInterfaceOrientationLandscapeLeft UIInterfaceOrientationLandscapeRight";
				LD_RUNPATH_SEARCH_PATHS = (
					"$(inherited)",
					"@executable_path/Frameworks",
				);
				MARKETING_VERSION = 1.0;
				PRODUCT_BUNDLE_IDENTIFIER = com.meryemdemir.OutfitAI;
				PRODUCT_NAME = "$(TARGET_NAME)";
				STRING_CATALOG_GENERATE_SYMBOLS = YES;
				SWIFT_APPROACHABLE_CONCURRENCY = YES;
				SWIFT_DEFAULT_ACTOR_ISOLATION = MainActor;
				SWIFT_EMIT_LOC_STRINGS = YES;
				SWIFT_OPTIMIZATION_LEVEL = "-Onone";
				SWIFT_UPCOMING_FEATURE_MEMBER_IMPORT_VISIBILITY = YES;
				SWIFT_VERSION = 5.0;
				TARGETED_DEVICE_FAMILY = "1,2";
			};
			name = Debug;
		};
		359413E72FF858BF00CDC074 /* Release */ = {
			isa = XCBuildConfiguration;
			buildSettings = {
				ASSETCATALOG_COMPILER_APPICON_NAME = AppIcon;
				ASSETCATALOG_COMPILER_GLOBAL_ACCENT_COLOR_NAME = AccentColor;
				CLANG_ENABLE_MODULES = YES;
				CODE_SIGN_STYLE = Automatic;
				CURRENT_PROJECT_VERSION = 1;
				DEVELOPMENT_TEAM = 7L3D6QFMFW;
				ENABLE_PREVIEWS = YES;
				GENERATE_INFOPLIST_FILE = YES;
				INFOPLIST_FILE = OutfitAI/Info.plist;
				INFOPLIST_KEY_NSPhotoLibraryUsageDescription = "Gardırobuna fotoğraf eklemek için galeriye erişim gerekiyor";
				INFOPLIST_KEY_UIApplicationSceneManifest_Generation = YES;
				INFOPLIST_KEY_UIApplicationSupportsIndirectInputEvents = YES;
				INFOPLIST_KEY_UILaunchScreen_Generation = YES;
				INFOPLIST_KEY_UISupportedInterfaceOrientations_iPad = "UIInterfaceOrientationPortrait UIInterfaceOrientationPortraitUpsideDown UIInterfaceOrientationLandscapeLeft UIInterfaceOrientationLandscapeRight";
				INFOPLIST_KEY_UISupportedInterfaceOrientations_iPhone = "UIInterfaceOrientationPortrait UIInterfaceOrientationLandscapeLeft UIInterfaceOrientationLandscapeRight";
				LD_RUNPATH_SEARCH_PATHS = (
					"$(inherited)",
					"@executable_path/Frameworks",
				);
				MARKETING_VERSION = 1.0;
				PRODUCT_BUNDLE_IDENTIFIER = com.meryemdemir.OutfitAI;
				PRODUCT_NAME = "$(TARGET_NAME)";
				STRING_CATALOG_GENERATE_SYMBOLS = YES;
				SWIFT_APPROACHABLE_CONCURRENCY = YES;
				SWIFT_DEFAULT_ACTOR_ISOLATION = MainActor;
				SWIFT_EMIT_LOC_STRINGS = YES;
				SWIFT_UPCOMING_FEATURE_MEMBER_IMPORT_VISIBILITY = YES;
				SWIFT_VERSION = 5.0;
				TARGETED_DEVICE_FAMILY = "1,2";
			};
			name = Release;
		};
/* End XCBuildConfiguration section */

/* Begin XCConfigurationList section */
		359413D52FF858BD00CDC074 /* Build configuration list for PBXProject "OutfitAI" */ = {
			isa = XCConfigurationList;
			buildConfigurations = (
				359413E32FF858BF00CDC074 /* Debug */,
				359413E42FF858BF00CDC074 /* Release */,
			);
			defaultConfigurationIsVisible = 0;
			defaultConfigurationName = Release;
		};
		359413E52FF858BF00CDC074 /* Build configuration list for PBXNativeTarget "OutfitAI" */ = {
			isa = XCConfigurationList;
			buildConfigurations = (
				359413E62FF858BF00CDC074 /* Debug */,
				359413E72FF858BF00CDC074 /* Release */,
			);
			defaultConfigurationIsVisible = 0;
			defaultConfigurationName = Release;
		};
/* End XCConfigurationList section */
	};
	rootObject = 359413D22FF858BD00CDC074 /* Project object */;
}
